
Microsoft Visual Studio Solution File, Format Version 12.00
# Visual Studio 15
VisualStudioVersion = 15.0.28307.106
MinimumVisualStudioVersion = 10.0.40219.1
Project("{FAE04EC0-301F-11D3-BF4B-00C04F79EFBC}") = "AsistenciaAdmin", "AsistenciaAdmin\AsistenciaAdmin.csproj", "{4AE57D4B-C52E-4200-860D-49A1E293F119}"
EndProject
Project("{9A19103F-16F7-4668-BE54-9A1E7A4F7556}") = "ClasesLibrary", "ClasesLibrary\ClasesLibrary.csproj", "{0C449F0D-B9F0-4ED8-8DF3-98FAB3059ED2}"
EndProject
Project("{FAE04EC0-301F-11D3-BF4B-00C04F79EFBC}") = "YoLlegoApp.Android", "YoLlegoApp\YoLlegoApp.Android\YoLlegoApp.Android.csproj", "{F5C2E905-5537-4689-9222-7BA193AB36ED}"
EndProject
Project("{FAE04EC0-301F-11D3-BF4B-00C04F79EFBC}") = "YoLlegoApp.iOS", "YoLlegoApp\YoLlegoApp.iOS\YoLlegoApp.iOS.csproj", "{0EA9B1F4-6C71-4C7B-8ED7-3896104F618B}"
EndProject
Project("{9A19103F-16F7-4668-BE54-9A1E7A4F7556}") = "YoLlegoApp", "YoLlegoApp\YoLlegoApp\YoLlegoApp.csproj", "{81651B38-232C-4ECA-A109-70F3FA5B4E85}"
EndProject
Global
	GlobalSection(SolutionConfigurationPlatforms) = preSolution
		Ad-Hoc|Any CPU = Ad-Hoc|Any CPU
		Ad-Hoc|iPhone = Ad-Hoc|iPhone
		Ad-Hoc|iPhoneSimulator = Ad-Hoc|iPhoneSimulator
		AppStore|Any CPU = AppStore|Any CPU
		AppStore|iPhone = AppStore|iPhone
		AppStore|iPhoneSimulator = AppStore|iPhoneSimulator
		Debug|Any CPU = Debug|Any CPU
		Debug|iPhone = Debug|iPhone
		Debug|iPhoneSimulator = Debug|iPhoneSimulator
		Release|Any CPU = Release|Any CPU
		Release|iPhone = Release|iPhone
		Release|iPhoneSimulator = Release|iPhoneSimulator
	EndGlobalSection
	GlobalSection(ProjectConfigurationPlatforms) = postSolution
		{4AE57D4B-C52E-4200-860D-49A1E293F119}.Ad-Hoc|Any CPU.ActiveCfg = Release|Any CPU
		{4AE57D4B-C52E-4200-860D-49A1E293F119}.Ad-Hoc|Any CPU.Build.0 = Release|Any CPU
		{4AE57D4B-C52E-4200-860D-49A1E293F119}.Ad-Hoc|iPhone.ActiveCfg = Release|Any CPU
		{4AE57D4B-C52E-4200-860D-49A1E293F119}.Ad-Hoc|iPhone.Build.0 = Release|Any CPU
		{4AE57D4B-C52E-4200-860D-49A1E293F119}.Ad-Hoc|iPhoneSimulator.ActiveCfg = Release|Any CPU
		{4AE57D4B-C52E-4200-860D-49A1E293F119}.Ad-Hoc|iPhoneSimulator.Build.0 = Release|Any CPU
		{4AE57D4B-C52E-4200-860D-49A1E293F119}.AppStore|Any CPU.ActiveCfg = Release|Any CPU
		{4AE57D4B-C52E-4200-860D-49A1E293F119}.AppStore|Any CPU.Build.0 = Release|Any CPU
		{4AE57D4B-C52E-4200-860D-49A1E293F119}.AppStore|iPhone.ActiveCfg = Release|Any CPU
		{4AE57D4B-C52E-4200-860D-49A1E293F119}.AppStore|iPhone.Build.0 = Release|Any CPU
		{4AE57D4B-C52E-4200-860D-49A1E293F119}.AppStore|iPhoneSimulator.ActiveCfg = Release|Any CPU
		{4AE57D4B-C52E-4200-860D-49A1E293F119}.AppStore|iPhoneSimulator.Build.0 = Release|Any CPU
		{4AE57D4B-C52E-4200-860D-49A1E293F119}.Debug|Any CPU.ActiveCfg = Debug|Any CPU
		{4AE57D4B-C52E-4200-860D-49A1E293F119}.Debug|Any CPU.Build.0 = Debug|Any CPU
		{4AE57D4B-C52E-4200-860D-49A1E293F119}.Debug|iPhone.ActiveCfg = Debug|Any CPU
		{4AE57D4B-C52E-4200-860D-49A1E293F119}.Debug|iPhone.Build.0 = Debug|Any CPU
		{4AE57D4B-C52E-4200-860D-49A1E293F119}.Debug|iPhoneSimulator.ActiveCfg = Debug|Any CPU
		{4AE57D4B-C52E-4200-860D-49A1E293F119}.Debug|iPhoneSimulator.Build.0 = Debug|Any CPU
		{4AE57D4B-C52E-4200-860D-49A1E293F119}.Release|Any CPU.ActiveCfg = Release|Any CPU
		{4AE57D4B-C52E-4200-860D-49A1E293F119}.Release|Any CPU.Build.0 = Release|Any CPU
		{4AE57D4B-C52E-4200-860D-49A1E293F119}.Release|iPhone.ActiveCfg = Release|Any CPU
		{4AE57D4B-C52E-4200-860D-49A1E293F119}.Release|iPhone.Build.0 = Release|Any CPU
		{4AE57D4B-C52E-4200-860D-49A1E293F119}.Release|iPhoneSimulator.ActiveCfg = Release|Any CPU
		{4AE57D4B-C52E-4200-860D-49A1E293F119}.Release|iPhoneSimulator.Build.0 = Release|Any CPU
		{0C449F0D-B9F0-4ED8-8DF3-98FAB3059ED2}.Ad-Hoc|Any CPU.ActiveCfg = Debug|Any CPU
		{0C449F0D-B9F0-4ED8-8DF3-98FAB3059ED2}.Ad-Hoc|Any CPU.Build.0 = Debug|Any CPU
		{0C449F0D-B9F0-4ED8-8DF3-98FAB3059ED2}.Ad-Hoc|iPhone.ActiveCfg = Debug|Any CPU
		{0C449F0D-B9F0-4ED8-8DF3-98FAB3059ED2}.Ad-Hoc|iPhone.Build.0 = Debug|Any CPU
		{0C449F0D-B9F0-4ED8-8DF3-98FAB3059ED2}.Ad-Hoc|iPhoneSimulator.ActiveCfg = Debug|Any CPU
		{0C449F0D-B9F0-4ED8-8DF3-98FAB3059ED2}.Ad-Hoc|iPhoneSimulator.Build.0 = Debug|Any CPU
		{0C449F0D-B9F0-4ED8-8DF3-98FAB3059ED2}.AppStore|Any CPU.ActiveCfg = Debug|Any CPU
		{0C449F0D-B9F0-4ED8-8DF3-98FAB3059ED2}.AppStore|Any CPU.Build.0 = Debug|Any CPU
		{0C449F0D-B9F0-4ED8-8DF3-98FAB3059ED2}.AppStore|iPhone.ActiveCfg = Debug|Any CPU
		{0C449F0D-B9F0-4ED8-8DF3-98FAB3059ED2}.AppStore|iPhone.Build.0 = Debug|Any CPU
		{0C449F0D-B9F0-4ED8-8DF3-98FAB3059ED2}.AppStore|iPhoneSimulator.ActiveCfg = Debug|Any CPU
		{0C449F0D-B9F0-4ED8-8DF3-98FAB3059ED2}.AppStore|iPhoneSimulator.Build.0 = Debug|Any CPU
		{0C449F0D-B9F0-4ED8-8DF3-98FAB3059ED2}.Debug|Any CPU.ActiveCfg = Debug|Any CPU
		{0C449F0D-B9F0-4ED8-8DF3-98FAB3059ED2}.Debug|Any CPU.Build.0 = Debug|Any CPU
		{0C449F0D-B9F0-4ED8-8DF3-98FAB3059ED2}.Debug|iPhone.ActiveCfg = Debug|Any CPU
		{0C449F0D-B9F0-4ED8-8DF3-98FAB3059ED2}.Debug|iPhone.Build.0 = Debug|Any CPU
		{0C449F0D-B9F0-4ED8-8DF3-98FAB3059ED2}.Debug|iPhoneSimulator.ActiveCfg = Debug|Any CPU
		{0C449F0D-B9F0-4ED8-8DF3-98FAB3059ED2}.Debug|iPhoneSimulator.Build.0 = Debug|Any CPU
		{0C449F0D-B9F0-4ED8-8DF3-98FAB3059ED2}.Release|Any CPU.ActiveCfg = Release|Any CPU
		{0C449F0D-B9F0-4ED8-8DF3-98FAB3059ED2}.Release|Any CPU.Build.0 = Release|Any CPU
		{0C449F0D-B9F0-4ED8-8DF3-98FAB3059ED2}.Release|iPhone.ActiveCfg = Release|Any CPU
		{0C449F0D-B9F0-4ED8-8DF3-98FAB3059ED2}.Release|iPhone.Build.0 = Release|Any CPU
		{0C449F0D-B9F0-4ED8-8DF3-98FAB3059ED2}.Release|iPhoneSimulator.ActiveCfg = Release|Any CPU
		{0C449F0D-B9F0-4ED8-8DF3-98FAB3059ED2}.Release|iPhoneSimulator.Build.0 = Release|Any CPU
		{F5C2E905-5537-4689-9222-7BA193AB36ED}.Ad-Hoc|Any CPU.ActiveCfg = Release|Any CPU
		{F5C2E905-5537-4689-9222-7BA193AB36ED}.Ad-Hoc|Any CPU.Build.0 = Release|Any CPU
		{F5C2E905-5537-4689-9222-7BA193AB36ED}.Ad-Hoc|Any CPU.Deploy.0 = Release|Any CPU
		{F5C2E905-5537-4689-9222-7BA193AB36ED}.Ad-Hoc|iPhone.ActiveCfg = Release|Any CPU
		{F5C2E905-5537-4689-9222-7BA193AB36ED}.Ad-Hoc|iPhone.Build.0 = Release|Any CPU
		{F5C2E905-5537-4689-9222-7BA193AB36ED}.Ad-Hoc|iPhone.Deploy.0 = Release|Any CPU
		{F5C2E905-5537-4689-9222-7BA193AB36ED}.Ad-Hoc|iPhoneSimulator.ActiveCfg = Release|Any CPU
		{F5C2E905-5537-4689-9222-7BA193AB36ED}.Ad-Hoc|iPhoneSimulator.Build.0 = Release|Any CPU
		{F5C2E905-5537-4689-9222-7BA193AB36ED}.Ad-Hoc|iPhoneSimulator.Deploy.0 = Release|Any CPU
		{F5C2E905-5537-4689-9222-7BA193AB36ED}.AppStore|Any CPU.ActiveCfg = Release|Any CPU
		{F5C2E905-5537-4689-9222-7BA193AB36ED}.AppStore|Any CPU.Build.0 = Release|Any CPU
		{F5C2E905-5537-4689-9222-7BA193AB36ED}.AppStore|Any CPU.Deploy.0 = Release|Any CPU
		{F5C2E905-5537-4689-9222-7BA193AB36ED}.AppStore|iPhone.ActiveCfg = Release|Any CPU
		{F5C2E905-5537-4689-9222-7BA193AB36ED}.AppStore|iPhone.Build.0 = Release|Any CPU
		{F5C2E905-5537-4689-9222-7BA193AB36ED}.AppStore|iPhone.Deploy.0 = Release|Any CPU
		{F5C2E905-5537-4689-9222-7BA193AB36ED}.AppStore|iPhoneSimulator.ActiveCfg = Release|Any CPU
		{F5C2E905-5537-4689-9222-7BA193AB36ED}.AppStore|iPhoneSimulator.Build.0 = Release|Any CPU
		{F5C2E905-5537-4689-9222-7BA193AB36ED}.AppStore|iPhoneSimulator.Deploy.0 = Release|Any CPU
		{F5C2E905-5537-4689-9222-7BA193AB36ED}.Debug|Any CPU.ActiveCfg = Debug|Any CPU
		{F5C2E905-5537-4689-9222-7BA193AB36ED}.Debug|Any CPU.Build.0 = Debug|Any CPU
		{F5C2E905-5537-4689-9222-7BA193AB36ED}.Debug|Any CPU.Deploy.0 = Debug|Any CPU
		{F5C2E905-5537-4689-9222-7BA193AB36ED}.Debug|iPhone.ActiveCfg = Debug|Any CPU
		{F5C2E905-5537-4689-9222-7BA193AB36ED}.Debug|iPhone.Build.0 = Debug|Any CPU
		{F5C2E905-5537-4689-9222-7BA193AB36ED}.Debug|iPhone.Deploy.0 = Debug|Any CPU
		{F5C2E905-5537-4689-9222-7BA193AB36ED}.Debug|iPhoneSimulator.ActiveCfg = Debug|Any CPU
		{F5C2E905-5537-4689-9222-7BA193AB36ED}.Debug|iPhoneSimulator.Build.0 = Debug|Any CPU
		{F5C2E905-5537-4689-9222-7BA193AB36ED}.Debug|iPhoneSimulator.Deploy.0 = Debug|Any CPU
		{F5C2E905-5537-4689-9222-7BA193AB36ED}.Release|Any CPU.ActiveCfg = Release|Any CPU
		{F5C2E905-5537-4689-9222-7BA193AB36ED}.Release|Any CPU.Build.0 = Release|Any CPU
		{F5C2E905-5537-4689-9222-7BA193AB36ED}.Release|Any CPU.Deploy.0 = Release|Any CPU
		{F5C2E905-5537-4689-9222-7BA193AB36ED}.Release|iPhone.ActiveCfg = Release|Any CPU
		{F5C2E905-5537-4689-9222-7BA193AB36ED}.Release|iPhone.Build.0 = Release|Any CPU
		{F5C2E905-5537-4689-9222-7BA193AB36ED}.Release|iPhone.Deploy.0 = Release|Any CPU
		{F5C2E905-5537-4689-9222-7BA193AB36ED}.Release|iPhoneSimulator.ActiveCfg = Release|Any CPU
		{F5C2E905-5537-4689-9222-7BA193AB36ED}.Release|iPhoneSimulator.Build.0 = Release|Any CPU
		{F5C2E905-5537-4689-9222-7BA193AB36ED}.Release|iPhoneSimulator.Deploy.0 = Release|Any CPU
		{0EA9B1F4-6C71-4C7B-8ED7-3896104F618B}.Ad-Hoc|Any CPU.ActiveCfg = Ad-Hoc|iPhone
		{0EA9B1F4-6C71-4C7B-8ED7-3896104F618B}.Ad-Hoc|iPhone.ActiveCfg = Ad-Hoc|iPhone
		{0EA9B1F4-6C71-4C7B-8ED7-3896104F618B}.Ad-Hoc|iPhone.Build.0 = Ad-Hoc|iPhone
		{0EA9B1F4-6C71-4C7B-8ED7-3896104F618B}.Ad-Hoc|iPhoneSimulator.ActiveCfg = Ad-Hoc|iPhoneSimulator
		{0EA9B1F4-6C71-4C7B-8ED7-3896104F618B}.Ad-Hoc|iPhoneSimulator.Build.0 = Ad-Hoc|iPhoneSimulator
		{0EA9B1F4-6C71-4C7B-8ED7-3896104F618B}.AppStore|Any CPU.ActiveCfg = AppStore|iPhone
		{0EA9B1F4-6C71-4C7B-8ED7-3896104F618B}.AppStore|iPhone.ActiveCfg = AppStore|iPhone
		{0EA9B1F4-6C71-4C7B-8ED7-3896104F618B}.AppStore|iPhone.Build.0 = AppStore|iPhone
		{0EA9B1F4-6C71-4C7B-8ED7-3896104F618B}.AppStore|iPhoneSimulator.ActiveCfg = AppStore|iPhoneSimulator
		{0EA9B1F4-6C71-4C7B-8ED7-3896104F618B}.AppStore|iPhoneSimulator.Build.0 = AppStore|iPhoneSimulator
		{0EA9B1F4-6C71-4C7B-8ED7-3896104F618B}.Debug|Any CPU.ActiveCfg = Debug|iPhone
		{0EA9B1F4-6C71-4C7B-8ED7-3896104F618B}.Debug|iPhone.ActiveCfg = Debug|iPhone
		{0EA9B1F4-6C71-4C7B-8ED7-3896104F618B}.Debug|iPhone.Build.0 = Debug|iPhone
		{0EA9B1F4-6C71-4C7B-8ED7-3896104F618B}.Debug|iPhoneSimulator.ActiveCfg = Debug|iPhoneSimulator
		{0EA9B1F4-6C71-4C7B-8ED7-3896104F618B}.Debug|iPhoneSimulator.Build.0 = Debug|iPhoneSimulator
		{0EA9B1F4-6C71-4C7B-8ED7-3896104F618B}.Release|Any CPU.ActiveCfg = Release|iPhone
		{0EA9B1F4-6C71-4C7B-8ED7-3896104F618B}.Release|iPhone.ActiveCfg = Release|iPhone
		{0EA9B1F4-6C71-4C7B-8ED7-3896104F618B}.Release|iPhone.Build.0 = Release|iPhone
		{0EA9B1F4-6C71-4C7B-8ED7-3896104F618B}.Release|iPhoneSimulator.ActiveCfg = Release|iPhoneSimulator
		{0EA9B1F4-6C71-4C7B-8ED7-3896104F618B}.Release|iPhoneSimulator.Build.0 = Release|iPhoneSimulator
		{81651B38-232C-4ECA-A109-70F3FA5B4E85}.Ad-Hoc|Any CPU.ActiveCfg = Debug|Any CPU
		{81651B38-232C-4ECA-A109-70F3FA5B4E85}.Ad-Hoc|Any CPU.Build.0 = Debug|Any CPU
		{81651B38-232C-4ECA-A109-70F3FA5B4E85}.Ad-Hoc|iPhone.ActiveCfg = Debug|Any CPU
		{81651B38-232C-4ECA-A109-70F3FA5B4E85}.Ad-Hoc|iPhone.Build.0 = Debug|Any CPU
		{81651B38-232C-4ECA-A109-70F3FA5B4E85}.Ad-Hoc|iPhoneSimulator.ActiveCfg = Debug|Any CPU
		{81651B38-232C-4ECA-A109-70F3FA5B4E85}.Ad-Hoc|iPhoneSimulator.Build.0 = Debug|Any CPU
		{81651B38-232C-4ECA-A109-70F3FA5B4E85}.AppStore|Any CPU.ActiveCfg = Debug|Any CPU
		{81651B38-232C-4ECA-A109-70F3FA5B4E85}.AppStore|Any CPU.Build.0 = Debug|Any CPU
		{81651B38-232C-4ECA-A109-70F3FA5B4E85}.AppStore|iPhone.ActiveCfg = Debug|Any CPU
		{81651B38-232C-4ECA-A109-70F3FA5B4E85}.AppStore|iPhone.Build.0 = Debug|Any CPU
		{81651B38-232C-4ECA-A109-70F3FA5B4E85}.AppStore|iPhoneSimulator.ActiveCfg = Debug|Any CPU
		{81651B38-232C-4ECA-A109-70F3FA5B4E85}.AppStore|iPhoneSimulator.Build.0 = Debug|Any CPU
		{81651B38-232C-4ECA-A109-70F3FA5B4E85}.Debug|Any CPU.ActiveCfg = Debug|Any CPU
		{81651B38-232C-4ECA-A109-70F3FA5B4E85}.Debug|Any CPU.Build.0 = Debug|Any CPU
		{81651B38-232C-4ECA-A109-70F3FA5B4E85}.Debug|iPhone.ActiveCfg = Debug|Any CPU
		{81651B38-232C-4ECA-A109-70F3FA5B4E85}.Debug|iPhone.Build.0 = Debug|Any CPU
		{81651B38-232C-4ECA-A109-70F3FA5B4E85}.Debug|iPhoneSimulator.ActiveCfg = Debug|Any CPU
		{81651B38-232C-4ECA-A109-70F3FA5B4E85}.Debug|iPhoneSimulator.Build.0 = Debug|Any CPU
		{81651B38-232C-4ECA-A109-70F3FA5B4E85}.Release|Any CPU.ActiveCfg = Release|Any CPU
		{81651B38-232C-4ECA-A109-70F3FA5B4E85}.Release|Any CPU.Build.0 = Release|Any CPU
		{81651B38-232C-4ECA-A109-70F3FA5B4E85}.Release|iPhone.ActiveCfg = Release|Any CPU
		{81651B38-232C-4ECA-A109-70F3FA5B4E85}.Release|iPhone.Build.0 = Release|Any CPU
		{81651B38-232C-4ECA-A109-70F3FA5B4E85}.Release|iPhoneSimulator.ActiveCfg = Release|Any CPU
		{81651B38-232C-4ECA-A109-70F3FA5B4E85}.Release|iPhoneSimulator.Build.0 = Release|Any CPU
	EndGlobalSection
	GlobalSection(SolutionProperties) = preSolution
		HideSolutionNode = FALSE
	EndGlobalSection
	GlobalSection(ExtensibilityGlobals) = postSolution
		SolutionGuid = {A82CF1A1-E51B-4429-BDAA-6BB1846145D1}
	EndGlobalSection
EndGlobal
