
Microsoft Visual Studio Solution File, Format Version 12.00
# Visual Studio 15
VisualStudioVersion = 15.0.28307.106
MinimumVisualStudioVersion = 10.0.40219.1
Project("{FAE04EC0-301F-11D3-BF4B-00C04F79EFBC}") = "AsistenciaAdmin", "AsistenciaAdmin\AsistenciaAdmin.csproj", "{4AE57D4B-C52E-4200-860D-49A1E293F119}"
EndProject
Project("{FAE04EC0-301F-11D3-BF4B-00C04F79EFBC}") = "YoLlegoApp.Android", "YoLlegoApp\YoLlegoApp.Android\YoLlegoApp.Android.csproj", "{14BDC149-62A0-4C77-A703-DF2793BE8C7F}"
EndProject
Project("{FAE04EC0-301F-11D3-BF4B-00C04F79EFBC}") = "YoLlegoApp.iOS", "YoLlegoApp\YoLlegoApp.iOS\YoLlegoApp.iOS.csproj", "{735C6FF7-E5B8-4C86-A943-7ED034535B8C}"
EndProject
Project("{9A19103F-16F7-4668-BE54-9A1E7A4F7556}") = "YoLlegoApp", "YoLlegoApp\YoLlegoApp\YoLlegoApp.csproj", "{22AF5693-6A1B-4080-A081-8B0D8DE52D52}"
EndProject
Project("{FAE04EC0-301F-11D3-BF4B-00C04F79EFBC}") = "WebServices", "WebServices\WebServices.csproj", "{23E9B539-6A9E-4E6C-AE98-F2ADEEF93976}"
EndProject
Global
	GlobalSection(SolutionConfigurationPlatforms) = preSolution
		Ad-Hoc|Any CPU = Ad-Hoc|Any CPU
		Ad-Hoc|iPhone = Ad-Hoc|iPhone
		Ad-Hoc|iPhoneSimulator = Ad-Hoc|iPhoneSimulator
		AppStore|Any CPU = AppStore|Any CPU
		AppStore|iPhone = AppStore|iPhone
		AppStore|iPhoneSimulator = AppStore|iPhoneSimulator
		Debug|Any CPU = Debug|Any CPU
		Debug|iPhone = Debug|iPhone
		Debug|iPhoneSimulator = Debug|iPhoneSimulator
		Release|Any CPU = Release|Any CPU
		Release|iPhone = Release|iPhone
		Release|iPhoneSimulator = Release|iPhoneSimulator
	EndGlobalSection
	GlobalSection(ProjectConfigurationPlatforms) = postSolution
		{4AE57D4B-C52E-4200-860D-49A1E293F119}.Ad-Hoc|Any CPU.ActiveCfg = Release|Any CPU
		{4AE57D4B-C52E-4200-860D-49A1E293F119}.Ad-Hoc|Any CPU.Build.0 = Release|Any CPU
		{4AE57D4B-C52E-4200-860D-49A1E293F119}.Ad-Hoc|iPhone.ActiveCfg = Release|Any CPU
		{4AE57D4B-C52E-4200-860D-49A1E293F119}.Ad-Hoc|iPhone.Build.0 = Release|Any CPU
		{4AE57D4B-C52E-4200-860D-49A1E293F119}.Ad-Hoc|iPhoneSimulator.ActiveCfg = Release|Any CPU
		{4AE57D4B-C52E-4200-860D-49A1E293F119}.Ad-Hoc|iPhoneSimulator.Build.0 = Release|Any CPU
		{4AE57D4B-C52E-4200-860D-49A1E293F119}.AppStore|Any CPU.ActiveCfg = Release|Any CPU
		{4AE57D4B-C52E-4200-860D-49A1E293F119}.AppStore|Any CPU.Build.0 = Release|Any CPU
		{4AE57D4B-C52E-4200-860D-49A1E293F119}.AppStore|iPhone.ActiveCfg = Release|Any CPU
		{4AE57D4B-C52E-4200-860D-49A1E293F119}.AppStore|iPhone.Build.0 = Release|Any CPU
		{4AE57D4B-C52E-4200-860D-49A1E293F119}.AppStore|iPhoneSimulator.ActiveCfg = Release|Any CPU
		{4AE57D4B-C52E-4200-860D-49A1E293F119}.AppStore|iPhoneSimulator.Build.0 = Release|Any CPU
		{4AE57D4B-C52E-4200-860D-49A1E293F119}.Debug|Any CPU.ActiveCfg = Debug|Any CPU
		{4AE57D4B-C52E-4200-860D-49A1E293F119}.Debug|Any CPU.Build.0 = Debug|Any CPU
		{4AE57D4B-C52E-4200-860D-49A1E293F119}.Debug|iPhone.ActiveCfg = Debug|Any CPU
		{4AE57D4B-C52E-4200-860D-49A1E293F119}.Debug|iPhone.Build.0 = Debug|Any CPU
		{4AE57D4B-C52E-4200-860D-49A1E293F119}.Debug|iPhoneSimulator.ActiveCfg = Debug|Any CPU
		{4AE57D4B-C52E-4200-860D-49A1E293F119}.Debug|iPhoneSimulator.Build.0 = Debug|Any CPU
		{4AE57D4B-C52E-4200-860D-49A1E293F119}.Release|Any CPU.ActiveCfg = Release|Any CPU
		{4AE57D4B-C52E-4200-860D-49A1E293F119}.Release|Any CPU.Build.0 = Release|Any CPU
		{4AE57D4B-C52E-4200-860D-49A1E293F119}.Release|iPhone.ActiveCfg = Release|Any CPU
		{4AE57D4B-C52E-4200-860D-49A1E293F119}.Release|iPhone.Build.0 = Release|Any CPU
		{4AE57D4B-C52E-4200-860D-49A1E293F119}.Release|iPhoneSimulator.ActiveCfg = Release|Any CPU
		{4AE57D4B-C52E-4200-860D-49A1E293F119}.Release|iPhoneSimulator.Build.0 = Release|Any CPU
		{14BDC149-62A0-4C77-A703-DF2793BE8C7F}.Ad-Hoc|Any CPU.ActiveCfg = Release|Any CPU
		{14BDC149-62A0-4C77-A703-DF2793BE8C7F}.Ad-Hoc|Any CPU.Build.0 = Release|Any CPU
		{14BDC149-62A0-4C77-A703-DF2793BE8C7F}.Ad-Hoc|Any CPU.Deploy.0 = Release|Any CPU
		{14BDC149-62A0-4C77-A703-DF2793BE8C7F}.Ad-Hoc|iPhone.ActiveCfg = Release|Any CPU
		{14BDC149-62A0-4C77-A703-DF2793BE8C7F}.Ad-Hoc|iPhone.Build.0 = Release|Any CPU
		{14BDC149-62A0-4C77-A703-DF2793BE8C7F}.Ad-Hoc|iPhone.Deploy.0 = Release|Any CPU
		{14BDC149-62A0-4C77-A703-DF2793BE8C7F}.Ad-Hoc|iPhoneSimulator.ActiveCfg = Release|Any CPU
		{14BDC149-62A0-4C77-A703-DF2793BE8C7F}.Ad-Hoc|iPhoneSimulator.Build.0 = Release|Any CPU
		{14BDC149-62A0-4C77-A703-DF2793BE8C7F}.Ad-Hoc|iPhoneSimulator.Deploy.0 = Release|Any CPU
		{14BDC149-62A0-4C77-A703-DF2793BE8C7F}.AppStore|Any CPU.ActiveCfg = Release|Any CPU
		{14BDC149-62A0-4C77-A703-DF2793BE8C7F}.AppStore|Any CPU.Build.0 = Release|Any CPU
		{14BDC149-62A0-4C77-A703-DF2793BE8C7F}.AppStore|Any CPU.Deploy.0 = Release|Any CPU
		{14BDC149-62A0-4C77-A703-DF2793BE8C7F}.AppStore|iPhone.ActiveCfg = Release|Any CPU
		{14BDC149-62A0-4C77-A703-DF2793BE8C7F}.AppStore|iPhone.Build.0 = Release|Any CPU
		{14BDC149-62A0-4C77-A703-DF2793BE8C7F}.AppStore|iPhone.Deploy.0 = Release|Any CPU
		{14BDC149-62A0-4C77-A703-DF2793BE8C7F}.AppStore|iPhoneSimulator.ActiveCfg = Release|Any CPU
		{14BDC149-62A0-4C77-A703-DF2793BE8C7F}.AppStore|iPhoneSimulator.Build.0 = Release|Any CPU
		{14BDC149-62A0-4C77-A703-DF2793BE8C7F}.AppStore|iPhoneSimulator.Deploy.0 = Release|Any CPU
		{14BDC149-62A0-4C77-A703-DF2793BE8C7F}.Debug|Any CPU.ActiveCfg = Debug|Any CPU
		{14BDC149-62A0-4C77-A703-DF2793BE8C7F}.Debug|Any CPU.Build.0 = Debug|Any CPU
		{14BDC149-62A0-4C77-A703-DF2793BE8C7F}.Debug|Any CPU.Deploy.0 = Debug|Any CPU
		{14BDC149-62A0-4C77-A703-DF2793BE8C7F}.Debug|iPhone.ActiveCfg = Debug|Any CPU
		{14BDC149-62A0-4C77-A703-DF2793BE8C7F}.Debug|iPhone.Build.0 = Debug|Any CPU
		{14BDC149-62A0-4C77-A703-DF2793BE8C7F}.Debug|iPhone.Deploy.0 = Debug|Any CPU
		{14BDC149-62A0-4C77-A703-DF2793BE8C7F}.Debug|iPhoneSimulator.ActiveCfg = Debug|Any CPU
		{14BDC149-62A0-4C77-A703-DF2793BE8C7F}.Debug|iPhoneSimulator.Build.0 = Debug|Any CPU
		{14BDC149-62A0-4C77-A703-DF2793BE8C7F}.Debug|iPhoneSimulator.Deploy.0 = Debug|Any CPU
		{14BDC149-62A0-4C77-A703-DF2793BE8C7F}.Release|Any CPU.ActiveCfg = Release|Any CPU
		{14BDC149-62A0-4C77-A703-DF2793BE8C7F}.Release|Any CPU.Build.0 = Release|Any CPU
		{14BDC149-62A0-4C77-A703-DF2793BE8C7F}.Release|Any CPU.Deploy.0 = Release|Any CPU
		{14BDC149-62A0-4C77-A703-DF2793BE8C7F}.Release|iPhone.ActiveCfg = Release|Any CPU
		{14BDC149-62A0-4C77-A703-DF2793BE8C7F}.Release|iPhone.Build.0 = Release|Any CPU
		{14BDC149-62A0-4C77-A703-DF2793BE8C7F}.Release|iPhone.Deploy.0 = Release|Any CPU
		{14BDC149-62A0-4C77-A703-DF2793BE8C7F}.Release|iPhoneSimulator.ActiveCfg = Release|Any CPU
		{14BDC149-62A0-4C77-A703-DF2793BE8C7F}.Release|iPhoneSimulator.Build.0 = Release|Any CPU
		{14BDC149-62A0-4C77-A703-DF2793BE8C7F}.Release|iPhoneSimulator.Deploy.0 = Release|Any CPU
		{735C6FF7-E5B8-4C86-A943-7ED034535B8C}.Ad-Hoc|Any CPU.ActiveCfg = Ad-Hoc|iPhone
		{735C6FF7-E5B8-4C86-A943-7ED034535B8C}.Ad-Hoc|iPhone.ActiveCfg = Ad-Hoc|iPhone
		{735C6FF7-E5B8-4C86-A943-7ED034535B8C}.Ad-Hoc|iPhone.Build.0 = Ad-Hoc|iPhone
		{735C6FF7-E5B8-4C86-A943-7ED034535B8C}.Ad-Hoc|iPhoneSimulator.ActiveCfg = Ad-Hoc|iPhoneSimulator
		{735C6FF7-E5B8-4C86-A943-7ED034535B8C}.Ad-Hoc|iPhoneSimulator.Build.0 = Ad-Hoc|iPhoneSimulator
		{735C6FF7-E5B8-4C86-A943-7ED034535B8C}.AppStore|Any CPU.ActiveCfg = AppStore|iPhone
		{735C6FF7-E5B8-4C86-A943-7ED034535B8C}.AppStore|iPhone.ActiveCfg = AppStore|iPhone
		{735C6FF7-E5B8-4C86-A943-7ED034535B8C}.AppStore|iPhone.Build.0 = AppStore|iPhone
		{735C6FF7-E5B8-4C86-A943-7ED034535B8C}.AppStore|iPhoneSimulator.ActiveCfg = AppStore|iPhoneSimulator
		{735C6FF7-E5B8-4C86-A943-7ED034535B8C}.AppStore|iPhoneSimulator.Build.0 = AppStore|iPhoneSimulator
		{735C6FF7-E5B8-4C86-A943-7ED034535B8C}.Debug|Any CPU.ActiveCfg = Debug|iPhone
		{735C6FF7-E5B8-4C86-A943-7ED034535B8C}.Debug|iPhone.ActiveCfg = Debug|iPhone
		{735C6FF7-E5B8-4C86-A943-7ED034535B8C}.Debug|iPhone.Build.0 = Debug|iPhone
		{735C6FF7-E5B8-4C86-A943-7ED034535B8C}.Debug|iPhoneSimulator.ActiveCfg = Debug|iPhoneSimulator
		{735C6FF7-E5B8-4C86-A943-7ED034535B8C}.Debug|iPhoneSimulator.Build.0 = Debug|iPhoneSimulator
		{735C6FF7-E5B8-4C86-A943-7ED034535B8C}.Release|Any CPU.ActiveCfg = Release|iPhone
		{735C6FF7-E5B8-4C86-A943-7ED034535B8C}.Release|iPhone.ActiveCfg = Release|iPhone
		{735C6FF7-E5B8-4C86-A943-7ED034535B8C}.Release|iPhone.Build.0 = Release|iPhone
		{735C6FF7-E5B8-4C86-A943-7ED034535B8C}.Release|iPhoneSimulator.ActiveCfg = Release|iPhoneSimulator
		{735C6FF7-E5B8-4C86-A943-7ED034535B8C}.Release|iPhoneSimulator.Build.0 = Release|iPhoneSimulator
		{22AF5693-6A1B-4080-A081-8B0D8DE52D52}.Ad-Hoc|Any CPU.ActiveCfg = Debug|Any CPU
		{22AF5693-6A1B-4080-A081-8B0D8DE52D52}.Ad-Hoc|Any CPU.Build.0 = Debug|Any CPU
		{22AF5693-6A1B-4080-A081-8B0D8DE52D52}.Ad-Hoc|iPhone.ActiveCfg = Debug|Any CPU
		{22AF5693-6A1B-4080-A081-8B0D8DE52D52}.Ad-Hoc|iPhone.Build.0 = Debug|Any CPU
		{22AF5693-6A1B-4080-A081-8B0D8DE52D52}.Ad-Hoc|iPhoneSimulator.ActiveCfg = Debug|Any CPU
		{22AF5693-6A1B-4080-A081-8B0D8DE52D52}.Ad-Hoc|iPhoneSimulator.Build.0 = Debug|Any CPU
		{22AF5693-6A1B-4080-A081-8B0D8DE52D52}.AppStore|Any CPU.ActiveCfg = Debug|Any CPU
		{22AF5693-6A1B-4080-A081-8B0D8DE52D52}.AppStore|Any CPU.Build.0 = Debug|Any CPU
		{22AF5693-6A1B-4080-A081-8B0D8DE52D52}.AppStore|iPhone.ActiveCfg = Debug|Any CPU
		{22AF5693-6A1B-4080-A081-8B0D8DE52D52}.AppStore|iPhone.Build.0 = Debug|Any CPU
		{22AF5693-6A1B-4080-A081-8B0D8DE52D52}.AppStore|iPhoneSimulator.ActiveCfg = Debug|Any CPU
		{22AF5693-6A1B-4080-A081-8B0D8DE52D52}.AppStore|iPhoneSimulator.Build.0 = Debug|Any CPU
		{22AF5693-6A1B-4080-A081-8B0D8DE52D52}.Debug|Any CPU.ActiveCfg = Debug|Any CPU
		{22AF5693-6A1B-4080-A081-8B0D8DE52D52}.Debug|Any CPU.Build.0 = Debug|Any CPU
		{22AF5693-6A1B-4080-A081-8B0D8DE52D52}.Debug|iPhone.ActiveCfg = Debug|Any CPU
		{22AF5693-6A1B-4080-A081-8B0D8DE52D52}.Debug|iPhone.Build.0 = Debug|Any CPU
		{22AF5693-6A1B-4080-A081-8B0D8DE52D52}.Debug|iPhoneSimulator.ActiveCfg = Debug|Any CPU
		{22AF5693-6A1B-4080-A081-8B0D8DE52D52}.Debug|iPhoneSimulator.Build.0 = Debug|Any CPU
		{22AF5693-6A1B-4080-A081-8B0D8DE52D52}.Release|Any CPU.ActiveCfg = Release|Any CPU
		{22AF5693-6A1B-4080-A081-8B0D8DE52D52}.Release|Any CPU.Build.0 = Release|Any CPU
		{22AF5693-6A1B-4080-A081-8B0D8DE52D52}.Release|iPhone.ActiveCfg = Release|Any CPU
		{22AF5693-6A1B-4080-A081-8B0D8DE52D52}.Release|iPhone.Build.0 = Release|Any CPU
		{22AF5693-6A1B-4080-A081-8B0D8DE52D52}.Release|iPhoneSimulator.ActiveCfg = Release|Any CPU
		{22AF5693-6A1B-4080-A081-8B0D8DE52D52}.Release|iPhoneSimulator.Build.0 = Release|Any CPU
		{23E9B539-6A9E-4E6C-AE98-F2ADEEF93976}.Ad-Hoc|Any CPU.ActiveCfg = Debug|Any CPU
		{23E9B539-6A9E-4E6C-AE98-F2ADEEF93976}.Ad-Hoc|Any CPU.Build.0 = Debug|Any CPU
		{23E9B539-6A9E-4E6C-AE98-F2ADEEF93976}.Ad-Hoc|iPhone.ActiveCfg = Debug|Any CPU
		{23E9B539-6A9E-4E6C-AE98-F2ADEEF93976}.Ad-Hoc|iPhone.Build.0 = Debug|Any CPU
		{23E9B539-6A9E-4E6C-AE98-F2ADEEF93976}.Ad-Hoc|iPhoneSimulator.ActiveCfg = Debug|Any CPU
		{23E9B539-6A9E-4E6C-AE98-F2ADEEF93976}.Ad-Hoc|iPhoneSimulator.Build.0 = Debug|Any CPU
		{23E9B539-6A9E-4E6C-AE98-F2ADEEF93976}.AppStore|Any CPU.ActiveCfg = Debug|Any CPU
		{23E9B539-6A9E-4E6C-AE98-F2ADEEF93976}.AppStore|Any CPU.Build.0 = Debug|Any CPU
		{23E9B539-6A9E-4E6C-AE98-F2ADEEF93976}.AppStore|iPhone.ActiveCfg = Debug|Any CPU
		{23E9B539-6A9E-4E6C-AE98-F2ADEEF93976}.AppStore|iPhone.Build.0 = Debug|Any CPU
		{23E9B539-6A9E-4E6C-AE98-F2ADEEF93976}.AppStore|iPhoneSimulator.ActiveCfg = Debug|Any CPU
		{23E9B539-6A9E-4E6C-AE98-F2ADEEF93976}.AppStore|iPhoneSimulator.Build.0 = Debug|Any CPU
		{23E9B539-6A9E-4E6C-AE98-F2ADEEF93976}.Debug|Any CPU.ActiveCfg = Debug|Any CPU
		{23E9B539-6A9E-4E6C-AE98-F2ADEEF93976}.Debug|Any CPU.Build.0 = Debug|Any CPU
		{23E9B539-6A9E-4E6C-AE98-F2ADEEF93976}.Debug|iPhone.ActiveCfg = Debug|Any CPU
		{23E9B539-6A9E-4E6C-AE98-F2ADEEF93976}.Debug|iPhone.Build.0 = Debug|Any CPU
		{23E9B539-6A9E-4E6C-AE98-F2ADEEF93976}.Debug|iPhoneSimulator.ActiveCfg = Debug|Any CPU
		{23E9B539-6A9E-4E6C-AE98-F2ADEEF93976}.Debug|iPhoneSimulator.Build.0 = Debug|Any CPU
		{23E9B539-6A9E-4E6C-AE98-F2ADEEF93976}.Release|Any CPU.ActiveCfg = Release|Any CPU
		{23E9B539-6A9E-4E6C-AE98-F2ADEEF93976}.Release|Any CPU.Build.0 = Release|Any CPU
		{23E9B539-6A9E-4E6C-AE98-F2ADEEF93976}.Release|iPhone.ActiveCfg = Release|Any CPU
		{23E9B539-6A9E-4E6C-AE98-F2ADEEF93976}.Release|iPhone.Build.0 = Release|Any CPU
		{23E9B539-6A9E-4E6C-AE98-F2ADEEF93976}.Release|iPhoneSimulator.ActiveCfg = Release|Any CPU
		{23E9B539-6A9E-4E6C-AE98-F2ADEEF93976}.Release|iPhoneSimulator.Build.0 = Release|Any CPU
	EndGlobalSection
	GlobalSection(SolutionProperties) = preSolution
		HideSolutionNode = FALSE
	EndGlobalSection
	GlobalSection(ExtensibilityGlobals) = postSolution
		SolutionGuid = {A82CF1A1-E51B-4429-BDAA-6BB1846145D1}
	EndGlobalSection
EndGlobal
